
Microsoft Visual Studio Solution File, Format Version 12.00
# Visual Studio Version 17
VisualStudioVersion = 17.12.35707.178 d17.12
MinimumVisualStudioVersion = 10.0.40219.1
Project("{FAE04EC0-301F-11D3-BF4B-00C04F79EFBC}") = "Fitness_project", "Fitness_project.csproj", "{D12D9E0A-1EC8-42F2-8A2E-C7DB3E308B03}"
EndProject
Project("{FAE04EC0-301F-11D3-BF4B-00C04F79EFBC}") = "FitnessBusinessLayer", "..\FitnessBusinessLayer\FitnessBusinessLayer.csproj", "{CF872A19-354D-423D-8326-A30E82A6DCBE}"
EndProject
Project("{FAE04EC0-301F-11D3-BF4B-00C04F79EFBC}") = "FitnessDataLayer", "..\FitnessDataLayer\FitnessDataLayer.csproj", "{37EFD7B4-A2A0-4659-9F66-3AC10C41AB77}"
EndProject
Global
	GlobalSection(SolutionConfigurationPlatforms) = preSolution
		Debug|Any CPU = Debug|Any CPU
		Release|Any CPU = Release|Any CPU
	EndGlobalSection
	GlobalSection(ProjectConfigurationPlatforms) = postSolution
		{D12D9E0A-1EC8-42F2-8A2E-C7DB3E308B03}.Debug|Any CPU.ActiveCfg = Debug|Any CPU
		{D12D9E0A-1EC8-42F2-8A2E-C7DB3E308B03}.Debug|Any CPU.Build.0 = Debug|Any CPU
		{D12D9E0A-1EC8-42F2-8A2E-C7DB3E308B03}.Release|Any CPU.ActiveCfg = Release|Any CPU
		{D12D9E0A-1EC8-42F2-8A2E-C7DB3E308B03}.Release|Any CPU.Build.0 = Release|Any CPU
		{CF872A19-354D-423D-8326-A30E82A6DCBE}.Debug|Any CPU.ActiveCfg = Debug|Any CPU
		{CF872A19-354D-423D-8326-A30E82A6DCBE}.Debug|Any CPU.Build.0 = Debug|Any CPU
		{CF872A19-354D-423D-8326-A30E82A6DCBE}.Release|Any CPU.ActiveCfg = Release|Any CPU
		{CF872A19-354D-423D-8326-A30E82A6DCBE}.Release|Any CPU.Build.0 = Release|Any CPU
		{37EFD7B4-A2A0-4659-9F66-3AC10C41AB77}.Debug|Any CPU.ActiveCfg = Debug|Any CPU
		{37EFD7B4-A2A0-4659-9F66-3AC10C41AB77}.Debug|Any CPU.Build.0 = Debug|Any CPU
		{37EFD7B4-A2A0-4659-9F66-3AC10C41AB77}.Release|Any CPU.ActiveCfg = Release|Any CPU
		{37EFD7B4-A2A0-4659-9F66-3AC10C41AB77}.Release|Any CPU.Build.0 = Release|Any CPU
	EndGlobalSection
	GlobalSection(SolutionProperties) = preSolution
		HideSolutionNode = FALSE
	EndGlobalSection
EndGlobal
